
Microsoft Visual Studio Solution File, Format Version 12.00
# Visual Studio Version 16
VisualStudioVersion = 16.0.29503.13
MinimumVisualStudioVersion = 10.0.40219.1
Project("{FAE04EC0-301F-11D3-BF4B-00C04F79EFBC}") = "leave-management", "leave-management\leave-management.csproj", "{DDE1EF93-E2A9-4331-8057-66D611330866}"
EndProject
Global
	GlobalSection(SolutionConfigurationPlatforms) = preSolution
		Debug|Any CPU = Debug|Any CPU
		Release|Any CPU = Release|Any CPU
	EndGlobalSection
	GlobalSection(ProjectConfigurationPlatforms) = postSolution
		{DDE1EF93-E2A9-4331-8057-66D611330866}.Debug|Any CPU.ActiveCfg = Debug|Any CPU
		{DDE1EF93-E2A9-4331-8057-66D611330866}.Debug|Any CPU.Build.0 = Debug|Any CPU
		{DDE1EF93-E2A9-4331-8057-66D611330866}.Release|Any CPU.ActiveCfg = Release|Any CPU
		{DDE1EF93-E2A9-4331-8057-66D611330866}.Release|Any CPU.Build.0 = Release|Any CPU
	EndGlobalSection
	GlobalSection(SolutionProperties) = preSolution
		HideSolutionNode = FALSE
	EndGlobalSection
	GlobalSection(ExtensibilityGlobals) = postSolution
		SolutionGuid = {BECECF12-F412-4593-BCDD-1457905150BD}
	EndGlobalSection
EndGlobal
